// !$*UTF8*$!
{
	archiveVersion = 1;
	classes = {
	};
	objectVersion = 50;
	objects = {

/* Begin PBXBuildFile section */
		1E015116217EF569009EB28F /* ParallaxHeaderView.m in Sources */ = {isa = PBXBuildFile; fileRef = 1E015113217EF569009EB28F /* ParallaxHeaderView.m */; };
		1E015117217EF569009EB28F /* UIImage+ImageEffects.m in Sources */ = {isa = PBXBuildFile; fileRef = 1E015114217EF569009EB28F /* UIImage+ImageEffects.m */; };
		1E50BF9A218018A0005F26E5 /* WAGTableViewCell.m in Sources */ = {isa = PBXBuildFile; fileRef = 1E50BF99218018A0005F26E5 /* WAGTableViewCell.m */; };
		1E50BFB82182FAA9005F26E5 /* UIImage+Extension.m in Sources */ = {isa = PBXBuildFile; fileRef = 1E50BFB62182FAA9005F26E5 /* UIImage+Extension.m */; };
		1E50BFBB21830E49005F26E5 /* UIImage+DYExtenstion.m in Sources */ = {isa = PBXBuildFile; fileRef = 1E50BFB921830E49005F26E5 /* UIImage+DYExtenstion.m */; };
		1E50BFC021830EBD005F26E5 /* NSBundle+Extensions.m in Sources */ = {isa = PBXBuildFile; fileRef = 1E50BFBE21830EBD005F26E5 /* NSBundle+Extensions.m */; };
		1E50BFC421830F1B005F26E5 /* UIView+Frame.m in Sources */ = {isa = PBXBuildFile; fileRef = 1E50BFC321830F1B005F26E5 /* UIView+Frame.m */; };
		1E50BFC721830F7C005F26E5 /* RXRandom.m in Sources */ = {isa = PBXBuildFile; fileRef = 1E50BFC621830F7C005F26E5 /* RXRandom.m */; };
		1E5F5DA4217980D30019A4A8 /* AppDelegate.m in Sources */ = {isa = PBXBuildFile; fileRef = 1E5F5DA3217980D30019A4A8 /* AppDelegate.m */; };
		1E5F5DAC217980D60019A4A8 /* Assets.xcassets in Resources */ = {isa = PBXBuildFile; fileRef = 1E5F5DAB217980D60019A4A8 /* Assets.xcassets */; };
		1E5F5DB2217980D60019A4A8 /* main.m in Sources */ = {isa = PBXBuildFile; fileRef = 1E5F5DB1217980D60019A4A8 /* main.m */; };
		1E5F5DBE2179AF8C0019A4A8 /* WAGHomeViewController.m in Sources */ = {isa = PBXBuildFile; fileRef = 1E5F5DBD2179AF8C0019A4A8 /* WAGHomeViewController.m */; };
		1E5F5DC22179BDC30019A4A8 /* UIColor+Instance.m in Sources */ = {isa = PBXBuildFile; fileRef = 1E5F5DC12179BDC30019A4A8 /* UIColor+Instance.m */; };
		1E5F5DC62179C1E20019A4A8 /* WAGSegmentViewController.m in Sources */ = {isa = PBXBuildFile; fileRef = 1E5F5DC52179C1E20019A4A8 /* WAGSegmentViewController.m */; };
		1E5F5DC92179C6850019A4A8 /* WAGBaseViewController.m in Sources */ = {isa = PBXBuildFile; fileRef = 1E5F5DC82179C6850019A4A8 /* WAGBaseViewController.m */; };
		1E5F5DCD2179CC730019A4A8 /* ViewController.m in Sources */ = {isa = PBXBuildFile; fileRef = 1E5F5DCB2179CC730019A4A8 /* ViewController.m */; };
		1E5F5DD42179CECF0019A4A8 /* YCMRotation.m in Sources */ = {isa = PBXBuildFile; fileRef = 1E5F5DD22179CECF0019A4A8 /* YCMRotation.m */; };
		1E5F5DD82179DEE40019A4A8 /* WAGShowMessageViewController.m in Sources */ = {isa = PBXBuildFile; fileRef = 1E5F5DD72179DEE40019A4A8 /* WAGShowMessageViewController.m */; };
		1E5F5DE5217D68DA0019A4A8 /* NSDate+Format.m in Sources */ = {isa = PBXBuildFile; fileRef = 1E5F5DD9217D68D80019A4A8 /* NSDate+Format.m */; };
		1E5F5DE6217D68DA0019A4A8 /* NSString+MD5.m in Sources */ = {isa = PBXBuildFile; fileRef = 1E5F5DDD217D68D90019A4A8 /* NSString+MD5.m */; };
		1E5F5DE7217D68DA0019A4A8 /* UIToolbar+Builder.m in Sources */ = {isa = PBXBuildFile; fileRef = 1E5F5DDE217D68D90019A4A8 /* UIToolbar+Builder.m */; };
		1E5F5DE8217D68DA0019A4A8 /* NSString+PDRegex.m in Sources */ = {isa = PBXBuildFile; fileRef = 1E5F5DDF217D68D90019A4A8 /* NSString+PDRegex.m */; };
		1E5F5DE9217D68DA0019A4A8 /* NSString+Base64.m in Sources */ = {isa = PBXBuildFile; fileRef = 1E5F5DE0217D68D90019A4A8 /* NSString+Base64.m */; };
		1E5F5DEA217D68DA0019A4A8 /* NSString+Common.m in Sources */ = {isa = PBXBuildFile; fileRef = 1E5F5DE2217D68D90019A4A8 /* NSString+Common.m */; };
		1E5F5DED217D69D10019A4A8 /* YCMApplication.m in Sources */ = {isa = PBXBuildFile; fileRef = 1E5F5DEB217D69D10019A4A8 /* YCMApplication.m */; };
		1E5F5DF2217D7AC30019A4A8 /* WAGPhotoViewController.m in Sources */ = {isa = PBXBuildFile; fileRef = 1E5F5DF1217D7AC30019A4A8 /* WAGPhotoViewController.m */; };
		1E5F5DF8217D7B4A0019A4A8 /* PXImagePickerHandler.m in Sources */ = {isa = PBXBuildFile; fileRef = 1E5F5DF6217D7B4A0019A4A8 /* PXImagePickerHandler.m */; };
		1EA011252182F1D400975E2B /* HudUtils.m in Sources */ = {isa = PBXBuildFile; fileRef = 1E5F5DCF2179CE950019A4A8 /* HudUtils.m */; };
		1EA8ACC221D375E80093CED3 /* WAGDesignViewController.m in Sources */ = {isa = PBXBuildFile; fileRef = 1EA8ACC121D375E80093CED3 /* WAGDesignViewController.m */; };
		1EC888EA217ECCDD00651F51 /* WAGTableViewController.m in Sources */ = {isa = PBXBuildFile; fileRef = 1EC888E9217ECCDD00651F51 /* WAGTableViewController.m */; };
		1EC888ED217ED68700651F51 /* WAGTableHeaderController.m in Sources */ = {isa = PBXBuildFile; fileRef = 1EC888EC217ED68700651F51 /* WAGTableHeaderController.m */; };
		1ECC647D217EFB0C00867BCF /* WAGTableViewAdapter.m in Sources */ = {isa = PBXBuildFile; fileRef = 1ECC6479217EFB0B00867BCF /* WAGTableViewAdapter.m */; };
		1ECC647E217EFB0C00867BCF /* UITableView+Adapter.m in Sources */ = {isa = PBXBuildFile; fileRef = 1ECC647C217EFB0C00867BCF /* UITableView+Adapter.m */; };
		3A845B81846949FD903D68A4 /* libPods-女神.a in Frameworks */ = {isa = PBXBuildFile; fileRef = 2A4EF4754F00CBA9374E0F06 /* libPods-女神.a */; };
/* End PBXBuildFile section */

/* Begin PBXFileReference section */
		1E015112217EF569009EB28F /* UIImage+ImageEffects.h */ = {isa = PBXFileReference; fileEncoding = 4; lastKnownFileType = sourcecode.c.h; path = "UIImage+ImageEffects.h"; sourceTree = "<group>"; };
		1E015113217EF569009EB28F /* ParallaxHeaderView.m */ = {isa = PBXFileReference; fileEncoding = 4; lastKnownFileType = sourcecode.c.objc; path = ParallaxHeaderView.m; sourceTree = "<group>"; };
		1E015114217EF569009EB28F /* UIImage+ImageEffects.m */ = {isa = PBXFileReference; fileEncoding = 4; lastKnownFileType = sourcecode.c.objc; path = "UIImage+ImageEffects.m"; sourceTree = "<group>"; };
		1E015115217EF569009EB28F /* ParallaxHeaderView.h */ = {isa = PBXFileReference; fileEncoding = 4; lastKnownFileType = sourcecode.c.h; path = ParallaxHeaderView.h; sourceTree = "<group>"; };
		1E50BF98218018A0005F26E5 /* WAGTableViewCell.h */ = {isa = PBXFileReference; lastKnownFileType = sourcecode.c.h; path = WAGTableViewCell.h; sourceTree = "<group>"; };
		1E50BF99218018A0005F26E5 /* WAGTableViewCell.m */ = {isa = PBXFileReference; lastKnownFileType = sourcecode.c.objc; path = WAGTableViewCell.m; sourceTree = "<group>"; };
		1E50BFB42182F092005F26E5 /* CommonHeader.h */ = {isa = PBXFileReference; lastKnownFileType = sourcecode.c.h; path = CommonHeader.h; sourceTree = "<group>"; };
		1E50BFB52182F246005F26E5 /* CommonPrefixHeader.pch */ = {isa = PBXFileReference; lastKnownFileType = sourcecode.c.h; path = CommonPrefixHeader.pch; sourceTree = "<group>"; };
		1E50BFB62182FAA9005F26E5 /* UIImage+Extension.m */ = {isa = PBXFileReference; fileEncoding = 4; lastKnownFileType = sourcecode.c.objc; path = "UIImage+Extension.m"; sourceTree = "<group>"; };
		1E50BFB72182FAA9005F26E5 /* UIImage+Extension.h */ = {isa = PBXFileReference; fileEncoding = 4; lastKnownFileType = sourcecode.c.h; path = "UIImage+Extension.h"; sourceTree = "<group>"; };
		1E50BFB921830E49005F26E5 /* UIImage+DYExtenstion.m */ = {isa = PBXFileReference; fileEncoding = 4; lastKnownFileType = sourcecode.c.objc; path = "UIImage+DYExtenstion.m"; sourceTree = "<group>"; };
		1E50BFBA21830E49005F26E5 /* UIImage+DYExtenstion.h */ = {isa = PBXFileReference; fileEncoding = 4; lastKnownFileType = sourcecode.c.h; path = "UIImage+DYExtenstion.h"; sourceTree = "<group>"; };
		1E50BFBE21830EBD005F26E5 /* NSBundle+Extensions.m */ = {isa = PBXFileReference; fileEncoding = 4; lastKnownFileType = sourcecode.c.objc; path = "NSBundle+Extensions.m"; sourceTree = "<group>"; };
		1E50BFBF21830EBD005F26E5 /* NSBundle+Extensions.h */ = {isa = PBXFileReference; fileEncoding = 4; lastKnownFileType = sourcecode.c.h; path = "NSBundle+Extensions.h"; sourceTree = "<group>"; };
		1E50BFC221830F1A005F26E5 /* UIView+Frame.h */ = {isa = PBXFileReference; fileEncoding = 4; lastKnownFileType = sourcecode.c.h; path = "UIView+Frame.h"; sourceTree = "<group>"; };
		1E50BFC321830F1B005F26E5 /* UIView+Frame.m */ = {isa = PBXFileReference; fileEncoding = 4; lastKnownFileType = sourcecode.c.objc; path = "UIView+Frame.m"; sourceTree = "<group>"; };
		1E50BFC521830F7C005F26E5 /* RXRandom.h */ = {isa = PBXFileReference; fileEncoding = 4; lastKnownFileType = sourcecode.c.h; path = RXRandom.h; sourceTree = "<group>"; };
		1E50BFC621830F7C005F26E5 /* RXRandom.m */ = {isa = PBXFileReference; fileEncoding = 4; lastKnownFileType = sourcecode.c.objc; path = RXRandom.m; sourceTree = "<group>"; };
		1E5F5D9F217980D30019A4A8 /* 女神.app */ = {isa = PBXFileReference; explicitFileType = wrapper.application; includeInIndex = 0; path = "女神.app"; sourceTree = BUILT_PRODUCTS_DIR; };
		1E5F5DA2217980D30019A4A8 /* AppDelegate.h */ = {isa = PBXFileReference; lastKnownFileType = sourcecode.c.h; path = AppDelegate.h; sourceTree = "<group>"; };
		1E5F5DA3217980D30019A4A8 /* AppDelegate.m */ = {isa = PBXFileReference; lastKnownFileType = sourcecode.c.objc; path = AppDelegate.m; sourceTree = "<group>"; };
		1E5F5DAB217980D60019A4A8 /* Assets.xcassets */ = {isa = PBXFileReference; lastKnownFileType = folder.assetcatalog; path = Assets.xcassets; sourceTree = "<group>"; };
		1E5F5DB0217980D60019A4A8 /* Info.plist */ = {isa = PBXFileReference; lastKnownFileType = text.plist.xml; path = Info.plist; sourceTree = "<group>"; };
		1E5F5DB1217980D60019A4A8 /* main.m */ = {isa = PBXFileReference; lastKnownFileType = sourcecode.c.objc; path = main.m; sourceTree = "<group>"; };
		1E5F5DBC2179AF8C0019A4A8 /* WAGHomeViewController.h */ = {isa = PBXFileReference; lastKnownFileType = sourcecode.c.h; path = WAGHomeViewController.h; sourceTree = "<group>"; };
		1E5F5DBD2179AF8C0019A4A8 /* WAGHomeViewController.m */ = {isa = PBXFileReference; lastKnownFileType = sourcecode.c.objc; path = WAGHomeViewController.m; sourceTree = "<group>"; };
		1E5F5DBF2179BC810019A4A8 /* Header.h */ = {isa = PBXFileReference; lastKnownFileType = sourcecode.c.h; path = Header.h; sourceTree = "<group>"; };
		1E5F5DC02179BDC30019A4A8 /* UIColor+Instance.h */ = {isa = PBXFileReference; fileEncoding = 4; lastKnownFileType = sourcecode.c.h; path = "UIColor+Instance.h"; sourceTree = "<group>"; };
		1E5F5DC12179BDC30019A4A8 /* UIColor+Instance.m */ = {isa = PBXFileReference; fileEncoding = 4; lastKnownFileType = sourcecode.c.objc; path = "UIColor+Instance.m"; sourceTree = "<group>"; };
		1E5F5DC42179C1E20019A4A8 /* WAGSegmentViewController.h */ = {isa = PBXFileReference; lastKnownFileType = sourcecode.c.h; path = WAGSegmentViewController.h; sourceTree = "<group>"; };
		1E5F5DC52179C1E20019A4A8 /* WAGSegmentViewController.m */ = {isa = PBXFileReference; lastKnownFileType = sourcecode.c.objc; path = WAGSegmentViewController.m; sourceTree = "<group>"; };
		1E5F5DC72179C6850019A4A8 /* WAGBaseViewController.h */ = {isa = PBXFileReference; lastKnownFileType = sourcecode.c.h; path = WAGBaseViewController.h; sourceTree = "<group>"; };
		1E5F5DC82179C6850019A4A8 /* WAGBaseViewController.m */ = {isa = PBXFileReference; lastKnownFileType = sourcecode.c.objc; path = WAGBaseViewController.m; sourceTree = "<group>"; };
		1E5F5DCB2179CC730019A4A8 /* ViewController.m */ = {isa = PBXFileReference; fileEncoding = 4; lastKnownFileType = sourcecode.c.objc; path = ViewController.m; sourceTree = "<group>"; };
		1E5F5DCC2179CC730019A4A8 /* ViewController.h */ = {isa = PBXFileReference; fileEncoding = 4; lastKnownFileType = sourcecode.c.h; path = ViewController.h; sourceTree = "<group>"; };
		1E5F5DCE2179CE950019A4A8 /* HudUtils.h */ = {isa = PBXFileReference; fileEncoding = 4; lastKnownFileType = sourcecode.c.h; path = HudUtils.h; sourceTree = "<group>"; };
		1E5F5DCF2179CE950019A4A8 /* HudUtils.m */ = {isa = PBXFileReference; fileEncoding = 4; lastKnownFileType = sourcecode.c.objc; path = HudUtils.m; sourceTree = "<group>"; };
		1E5F5DD22179CECF0019A4A8 /* YCMRotation.m */ = {isa = PBXFileReference; fileEncoding = 4; lastKnownFileType = sourcecode.c.objc; path = YCMRotation.m; sourceTree = "<group>"; };
		1E5F5DD32179CECF0019A4A8 /* YCMRotation.h */ = {isa = PBXFileReference; fileEncoding = 4; lastKnownFileType = sourcecode.c.h; path = YCMRotation.h; sourceTree = "<group>"; };
		1E5F5DD62179DEE40019A4A8 /* WAGShowMessageViewController.h */ = {isa = PBXFileReference; lastKnownFileType = sourcecode.c.h; path = WAGShowMessageViewController.h; sourceTree = "<group>"; };
		1E5F5DD72179DEE40019A4A8 /* WAGShowMessageViewController.m */ = {isa = PBXFileReference; lastKnownFileType = sourcecode.c.objc; path = WAGShowMessageViewController.m; sourceTree = "<group>"; };
		1E5F5DD9217D68D80019A4A8 /* NSDate+Format.m */ = {isa = PBXFileReference; fileEncoding = 4; lastKnownFileType = sourcecode.c.objc; path = "NSDate+Format.m"; sourceTree = "<group>"; };
		1E5F5DDA217D68D80019A4A8 /* NSDate+Format.h */ = {isa = PBXFileReference; fileEncoding = 4; lastKnownFileType = sourcecode.c.h; path = "NSDate+Format.h"; sourceTree = "<group>"; };
		1E5F5DDB217D68D90019A4A8 /* NSString+Common.h */ = {isa = PBXFileReference; fileEncoding = 4; lastKnownFileType = sourcecode.c.h; path = "NSString+Common.h"; sourceTree = "<group>"; };
		1E5F5DDC217D68D90019A4A8 /* UIToolbar+Builder.h */ = {isa = PBXFileReference; fileEncoding = 4; lastKnownFileType = sourcecode.c.h; path = "UIToolbar+Builder.h"; sourceTree = "<group>"; };
		1E5F5DDD217D68D90019A4A8 /* NSString+MD5.m */ = {isa = PBXFileReference; fileEncoding = 4; lastKnownFileType = sourcecode.c.objc; path = "NSString+MD5.m"; sourceTree = "<group>"; };
		1E5F5DDE217D68D90019A4A8 /* UIToolbar+Builder.m */ = {isa = PBXFileReference; fileEncoding = 4; lastKnownFileType = sourcecode.c.objc; path = "UIToolbar+Builder.m"; sourceTree = "<group>"; };
		1E5F5DDF217D68D90019A4A8 /* NSString+PDRegex.m */ = {isa = PBXFileReference; fileEncoding = 4; lastKnownFileType = sourcecode.c.objc; path = "NSString+PDRegex.m"; sourceTree = "<group>"; };
		1E5F5DE0217D68D90019A4A8 /* NSString+Base64.m */ = {isa = PBXFileReference; fileEncoding = 4; lastKnownFileType = sourcecode.c.objc; path = "NSString+Base64.m"; sourceTree = "<group>"; };
		1E5F5DE1217D68D90019A4A8 /* NSString+Base64.h */ = {isa = PBXFileReference; fileEncoding = 4; lastKnownFileType = sourcecode.c.h; path = "NSString+Base64.h"; sourceTree = "<group>"; };
		1E5F5DE2217D68D90019A4A8 /* NSString+Common.m */ = {isa = PBXFileReference; fileEncoding = 4; lastKnownFileType = sourcecode.c.objc; path = "NSString+Common.m"; sourceTree = "<group>"; };
		1E5F5DE3217D68DA0019A4A8 /* NSString+MD5.h */ = {isa = PBXFileReference; fileEncoding = 4; lastKnownFileType = sourcecode.c.h; path = "NSString+MD5.h"; sourceTree = "<group>"; };
		1E5F5DE4217D68DA0019A4A8 /* NSString+PDRegex.h */ = {isa = PBXFileReference; fileEncoding = 4; lastKnownFileType = sourcecode.c.h; path = "NSString+PDRegex.h"; sourceTree = "<group>"; };
		1E5F5DEB217D69D10019A4A8 /* YCMApplication.m */ = {isa = PBXFileReference; fileEncoding = 4; lastKnownFileType = sourcecode.c.objc; path = YCMApplication.m; sourceTree = "<group>"; };
		1E5F5DEC217D69D10019A4A8 /* YCMApplication.h */ = {isa = PBXFileReference; fileEncoding = 4; lastKnownFileType = sourcecode.c.h; path = YCMApplication.h; sourceTree = "<group>"; };
		1E5F5DEE217D6A100019A4A8 /* CWLSynthesizeSingleton.h */ = {isa = PBXFileReference; fileEncoding = 4; lastKnownFileType = sourcecode.c.h; path = CWLSynthesizeSingleton.h; sourceTree = "<group>"; };
		1E5F5DF0217D7AC30019A4A8 /* WAGPhotoViewController.h */ = {isa = PBXFileReference; lastKnownFileType = sourcecode.c.h; path = WAGPhotoViewController.h; sourceTree = "<group>"; };
		1E5F5DF1217D7AC30019A4A8 /* WAGPhotoViewController.m */ = {isa = PBXFileReference; lastKnownFileType = sourcecode.c.objc; path = WAGPhotoViewController.m; sourceTree = "<group>"; };
		1E5F5DF6217D7B4A0019A4A8 /* PXImagePickerHandler.m */ = {isa = PBXFileReference; fileEncoding = 4; lastKnownFileType = sourcecode.c.objc; path = PXImagePickerHandler.m; sourceTree = "<group>"; };
		1E5F5DF7217D7B4A0019A4A8 /* PXImagePickerHandler.h */ = {isa = PBXFileReference; fileEncoding = 4; lastKnownFileType = sourcecode.c.h; path = PXImagePickerHandler.h; sourceTree = "<group>"; };
		1E9FD18FEFF6A611E7F660FF /* Pods-女神.release.xcconfig */ = {isa = PBXFileReference; includeInIndex = 1; lastKnownFileType = text.xcconfig; name = "Pods-女神.release.xcconfig"; path = "Pods/Target Support Files/Pods-女神/Pods-女神.release.xcconfig"; sourceTree = "<group>"; };
		1EA8ACC021D375E80093CED3 /* WAGDesignViewController.h */ = {isa = PBXFileReference; lastKnownFileType = sourcecode.c.h; path = WAGDesignViewController.h; sourceTree = "<group>"; };
		1EA8ACC121D375E80093CED3 /* WAGDesignViewController.m */ = {isa = PBXFileReference; lastKnownFileType = sourcecode.c.objc; path = WAGDesignViewController.m; sourceTree = "<group>"; };
		1EC888E8217ECCDD00651F51 /* WAGTableViewController.h */ = {isa = PBXFileReference; lastKnownFileType = sourcecode.c.h; path = WAGTableViewController.h; sourceTree = "<group>"; };
		1EC888E9217ECCDD00651F51 /* WAGTableViewController.m */ = {isa = PBXFileReference; lastKnownFileType = sourcecode.c.objc; path = WAGTableViewController.m; sourceTree = "<group>"; };
		1EC888EB217ED68700651F51 /* WAGTableHeaderController.h */ = {isa = PBXFileReference; lastKnownFileType = sourcecode.c.h; path = WAGTableHeaderController.h; sourceTree = "<group>"; };
		1EC888EC217ED68700651F51 /* WAGTableHeaderController.m */ = {isa = PBXFileReference; lastKnownFileType = sourcecode.c.objc; path = WAGTableHeaderController.m; sourceTree = "<group>"; };
		1ECC6479217EFB0B00867BCF /* WAGTableViewAdapter.m */ = {isa = PBXFileReference; fileEncoding = 4; lastKnownFileType = sourcecode.c.objc; path = WAGTableViewAdapter.m; sourceTree = "<group>"; };
		1ECC647A217EFB0B00867BCF /* UITableView+Adapter.h */ = {isa = PBXFileReference; fileEncoding = 4; lastKnownFileType = sourcecode.c.h; path = "UITableView+Adapter.h"; sourceTree = "<group>"; };
		1ECC647B217EFB0B00867BCF /* WAGTableViewAdapter.h */ = {isa = PBXFileReference; fileEncoding = 4; lastKnownFileType = sourcecode.c.h; path = WAGTableViewAdapter.h; sourceTree = "<group>"; };
		1ECC647C217EFB0C00867BCF /* UITableView+Adapter.m */ = {isa = PBXFileReference; fileEncoding = 4; lastKnownFileType = sourcecode.c.objc; path = "UITableView+Adapter.m"; sourceTree = "<group>"; };
		2A4EF4754F00CBA9374E0F06 /* libPods-女神.a */ = {isa = PBXFileReference; explicitFileType = archive.ar; includeInIndex = 0; path = "libPods-女神.a"; sourceTree = BUILT_PRODUCTS_DIR; };
		86FB87B96A2AD3008D837884 /* Pods-女神.debug.xcconfig */ = {isa = PBXFileReference; includeInIndex = 1; lastKnownFileType = text.xcconfig; name = "Pods-女神.debug.xcconfig"; path = "Pods/Target Support Files/Pods-女神/Pods-女神.debug.xcconfig"; sourceTree = "<group>"; };
/* End PBXFileReference section */

/* Begin PBXFrameworksBuildPhase section */
		1E5F5D9C217980D30019A4A8 /* Frameworks */ = {
			isa = PBXFrameworksBuildPhase;
			buildActionMask = 2147483647;
			files = (
				3A845B81846949FD903D68A4 /* libPods-女神.a in Frameworks */,
			);
			runOnlyForDeploymentPostprocessing = 0;
		};
/* End PBXFrameworksBuildPhase section */

/* Begin PBXGroup section */
		1E015111217EF569009EB28F /* ParallaxHeaderView */ = {
			isa = PBXGroup;
			children = (
				1E015112217EF569009EB28F /* UIImage+ImageEffects.h */,
				1E015113217EF569009EB28F /* ParallaxHeaderView.m */,
				1E015114217EF569009EB28F /* UIImage+ImageEffects.m */,
				1E015115217EF569009EB28F /* ParallaxHeaderView.h */,
			);
			path = ParallaxHeaderView;
			sourceTree = "<group>";
		};
		1E50BFBC21830E55005F26E5 /* UIImage */ = {
			isa = PBXGroup;
			children = (
				1E50BFBA21830E49005F26E5 /* UIImage+DYExtenstion.h */,
				1E50BFB921830E49005F26E5 /* UIImage+DYExtenstion.m */,
				1E50BFB72182FAA9005F26E5 /* UIImage+Extension.h */,
				1E50BFB62182FAA9005F26E5 /* UIImage+Extension.m */,
			);
			path = UIImage;
			sourceTree = "<group>";
		};
		1E50BFBD21830EA2005F26E5 /* NSBundle */ = {
			isa = PBXGroup;
			children = (
				1E50BFBF21830EBD005F26E5 /* NSBundle+Extensions.h */,
				1E50BFBE21830EBD005F26E5 /* NSBundle+Extensions.m */,
			);
			path = NSBundle;
			sourceTree = "<group>";
		};
		1E50BFC121830F09005F26E5 /* UIView */ = {
			isa = PBXGroup;
			children = (
				1E50BFC221830F1A005F26E5 /* UIView+Frame.h */,
				1E50BFC321830F1B005F26E5 /* UIView+Frame.m */,
			);
			path = UIView;
			sourceTree = "<group>";
		};
		1E5F5D96217980D30019A4A8 = {
			isa = PBXGroup;
			children = (
				1E5F5DA1217980D30019A4A8 /* 女神 */,
				1E5F5DA0217980D30019A4A8 /* Products */,
				F9706F4A7C4A01D75E26C530 /* Pods */,
				54231B91BB6DBF3B8BB23725 /* Frameworks */,
			);
			sourceTree = "<group>";
		};
		1E5F5DA0217980D30019A4A8 /* Products */ = {
			isa = PBXGroup;
			children = (
				1E5F5D9F217980D30019A4A8 /* 女神.app */,
			);
			name = Products;
			sourceTree = "<group>";
		};
		1E5F5DA1217980D30019A4A8 /* 女神 */ = {
			isa = PBXGroup;
			children = (
				1E5F5DD12179CE9B0019A4A8 /* category */,
				1E5F5DBB2179AEFB0019A4A8 /* 3rd */,
				1E5F5DBA2179AECF0019A4A8 /* utils */,
				1E5F5DB92179AE9E0019A4A8 /* box */,
				1E5F5DB82179AE910019A4A8 /* home */,
				1E5F5DA2217980D30019A4A8 /* AppDelegate.h */,
				1E5F5DA3217980D30019A4A8 /* AppDelegate.m */,
				1E5F5DAB217980D60019A4A8 /* Assets.xcassets */,
				1E5F5DB0217980D60019A4A8 /* Info.plist */,
				1E5F5DB1217980D60019A4A8 /* main.m */,
				1E5F5DBF2179BC810019A4A8 /* Header.h */,
			);
			path = "女神";
			sourceTree = "<group>";
		};
		1E5F5DB82179AE910019A4A8 /* home */ = {
			isa = PBXGroup;
			children = (
				1EA8ACBF21D375370093CED3 /* 设计模式 */,
				1EC888E7217EC7BF00651F51 /* tableHeader */,
				1E5F5DEF217D7A3C0019A4A8 /* 照片拍照 */,
				1E5F5DD52179DEC10019A4A8 /* 提示信息 */,
				1E5F5DCA2179CC1F0019A4A8 /* 表白动图圈圈 */,
				1E5F5DC32179C0FD0019A4A8 /* YUSegment */,
				1E5F5DBC2179AF8C0019A4A8 /* WAGHomeViewController.h */,
				1E5F5DBD2179AF8C0019A4A8 /* WAGHomeViewController.m */,
				1E5F5DC72179C6850019A4A8 /* WAGBaseViewController.h */,
				1E5F5DC82179C6850019A4A8 /* WAGBaseViewController.m */,
				1EC888E8217ECCDD00651F51 /* WAGTableViewController.h */,
				1EC888E9217ECCDD00651F51 /* WAGTableViewController.m */,
			);
			path = home;
			sourceTree = "<group>";
		};
		1E5F5DB92179AE9E0019A4A8 /* box */ = {
			isa = PBXGroup;
			children = (
				1E50BFC521830F7C005F26E5 /* RXRandom.h */,
				1E50BFC621830F7C005F26E5 /* RXRandom.m */,
				1E5F5DF7217D7B4A0019A4A8 /* PXImagePickerHandler.h */,
				1E5F5DF6217D7B4A0019A4A8 /* PXImagePickerHandler.m */,
				1E5F5DD32179CECF0019A4A8 /* YCMRotation.h */,
				1E5F5DD22179CECF0019A4A8 /* YCMRotation.m */,
				1E50BF98218018A0005F26E5 /* WAGTableViewCell.h */,
				1E50BF99218018A0005F26E5 /* WAGTableViewCell.m */,
			);
			path = box;
			sourceTree = "<group>";
		};
		1E5F5DBA2179AECF0019A4A8 /* utils */ = {
			isa = PBXGroup;
			children = (
				1E5F5DEE217D6A100019A4A8 /* CWLSynthesizeSingleton.h */,
				1E5F5DEC217D69D10019A4A8 /* YCMApplication.h */,
				1E5F5DEB217D69D10019A4A8 /* YCMApplication.m */,
				1E5F5DCE2179CE950019A4A8 /* HudUtils.h */,
				1E5F5DCF2179CE950019A4A8 /* HudUtils.m */,
				1E50BFB42182F092005F26E5 /* CommonHeader.h */,
				1E50BFB52182F246005F26E5 /* CommonPrefixHeader.pch */,
			);
			path = utils;
			sourceTree = "<group>";
		};
		1E5F5DBB2179AEFB0019A4A8 /* 3rd */ = {
			isa = PBXGroup;
			children = (
				1E015111217EF569009EB28F /* ParallaxHeaderView */,
			);
			path = 3rd;
			sourceTree = "<group>";
		};
		1E5F5DC32179C0FD0019A4A8 /* YUSegment */ = {
			isa = PBXGroup;
			children = (
				1E5F5DC42179C1E20019A4A8 /* WAGSegmentViewController.h */,
				1E5F5DC52179C1E20019A4A8 /* WAGSegmentViewController.m */,
			);
			path = YUSegment;
			sourceTree = "<group>";
		};
		1E5F5DCA2179CC1F0019A4A8 /* 表白动图圈圈 */ = {
			isa = PBXGroup;
			children = (
				1E5F5DCC2179CC730019A4A8 /* ViewController.h */,
				1E5F5DCB2179CC730019A4A8 /* ViewController.m */,
			);
			path = "表白动图圈圈";
			sourceTree = "<group>";
		};
		1E5F5DD12179CE9B0019A4A8 /* category */ = {
			isa = PBXGroup;
			children = (
				1E50BFC121830F09005F26E5 /* UIView */,
				1E50BFBD21830EA2005F26E5 /* NSBundle */,
				1E50BFBC21830E55005F26E5 /* UIImage */,
				1ECC6478217EFAFD00867BCF /* tableview */,
				1E5F5DDA217D68D80019A4A8 /* NSDate+Format.h */,
				1E5F5DD9217D68D80019A4A8 /* NSDate+Format.m */,
				1E5F5DE1217D68D90019A4A8 /* NSString+Base64.h */,
				1E5F5DE0217D68D90019A4A8 /* NSString+Base64.m */,
				1E5F5DDB217D68D90019A4A8 /* NSString+Common.h */,
				1E5F5DE2217D68D90019A4A8 /* NSString+Common.m */,
				1E5F5DE3217D68DA0019A4A8 /* NSString+MD5.h */,
				1E5F5DDD217D68D90019A4A8 /* NSString+MD5.m */,
				1E5F5DE4217D68DA0019A4A8 /* NSString+PDRegex.h */,
				1E5F5DDF217D68D90019A4A8 /* NSString+PDRegex.m */,
				1E5F5DDC217D68D90019A4A8 /* UIToolbar+Builder.h */,
				1E5F5DDE217D68D90019A4A8 /* UIToolbar+Builder.m */,
				1E5F5DC02179BDC30019A4A8 /* UIColor+Instance.h */,
				1E5F5DC12179BDC30019A4A8 /* UIColor+Instance.m */,
			);
			path = category;
			sourceTree = "<group>";
		};
		1E5F5DD52179DEC10019A4A8 /* 提示信息 */ = {
			isa = PBXGroup;
			children = (
				1E5F5DD62179DEE40019A4A8 /* WAGShowMessageViewController.h */,
				1E5F5DD72179DEE40019A4A8 /* WAGShowMessageViewController.m */,
			);
			path = "提示信息";
			sourceTree = "<group>";
		};
		1E5F5DEF217D7A3C0019A4A8 /* 照片拍照 */ = {
			isa = PBXGroup;
			children = (
				1E5F5DF0217D7AC30019A4A8 /* WAGPhotoViewController.h */,
				1E5F5DF1217D7AC30019A4A8 /* WAGPhotoViewController.m */,
			);
			path = "照片拍照";
			sourceTree = "<group>";
		};
		1EA8ACBF21D375370093CED3 /* 设计模式 */ = {
			isa = PBXGroup;
			children = (
				1EA8ACC021D375E80093CED3 /* WAGDesignViewController.h */,
				1EA8ACC121D375E80093CED3 /* WAGDesignViewController.m */,
			);
			path = "设计模式";
			sourceTree = "<group>";
		};
		1EC888E7217EC7BF00651F51 /* tableHeader */ = {
			isa = PBXGroup;
			children = (
				1EC888EB217ED68700651F51 /* WAGTableHeaderController.h */,
				1EC888EC217ED68700651F51 /* WAGTableHeaderController.m */,
			);
			path = tableHeader;
			sourceTree = "<group>";
		};
		1ECC6478217EFAFD00867BCF /* tableview */ = {
			isa = PBXGroup;
			children = (
				1ECC647B217EFB0B00867BCF /* WAGTableViewAdapter.h */,
				1ECC6479217EFB0B00867BCF /* WAGTableViewAdapter.m */,
				1ECC647A217EFB0B00867BCF /* UITableView+Adapter.h */,
				1ECC647C217EFB0C00867BCF /* UITableView+Adapter.m */,
			);
			path = tableview;
			sourceTree = "<group>";
		};
		54231B91BB6DBF3B8BB23725 /* Frameworks */ = {
			isa = PBXGroup;
			children = (
				2A4EF4754F00CBA9374E0F06 /* libPods-女神.a */,
			);
			name = Frameworks;
			sourceTree = "<group>";
		};
		F9706F4A7C4A01D75E26C530 /* Pods */ = {
			isa = PBXGroup;
			children = (
				86FB87B96A2AD3008D837884 /* Pods-女神.debug.xcconfig */,
				1E9FD18FEFF6A611E7F660FF /* Pods-女神.release.xcconfig */,
			);
			name = Pods;
			sourceTree = "<group>";
		};
/* End PBXGroup section */

/* Begin PBXNativeTarget section */
		1E5F5D9E217980D30019A4A8 /* 女神 */ = {
			isa = PBXNativeTarget;
			buildConfigurationList = 1E5F5DB5217980D60019A4A8 /* Build configuration list for PBXNativeTarget "女神" */;
			buildPhases = (
				797940456249524331D5CAF8 /* [CP] Check Pods Manifest.lock */,
				1E5F5D9B217980D30019A4A8 /* Sources */,
				1E5F5D9C217980D30019A4A8 /* Frameworks */,
				1E5F5D9D217980D30019A4A8 /* Resources */,
				A426BD83CBA14B79F3DA483A /* [CP] Embed Pods Frameworks */,
				8FA8097F081B14176941C3A2 /* [CP] Copy Pods Resources */,
			);
			buildRules = (
			);
			dependencies = (
			);
			name = "女神";
			productName = "女神";
			productReference = 1E5F5D9F217980D30019A4A8 /* 女神.app */;
			productType = "com.apple.product-type.application";
		};
/* End PBXNativeTarget section */

/* Begin PBXProject section */
		1E5F5D97217980D30019A4A8 /* Project object */ = {
			isa = PBXProject;
			attributes = {
				LastUpgradeCheck = 1000;
				ORGANIZATIONNAME = "王爱国";
				TargetAttributes = {
					1E5F5D9E217980D30019A4A8 = {
						CreatedOnToolsVersion = 10.0;
					};
				};
			};
			buildConfigurationList = 1E5F5D9A217980D30019A4A8 /* Build configuration list for PBXProject "女神" */;
			compatibilityVersion = "Xcode 9.3";
			developmentRegion = en;
			hasScannedForEncodings = 0;
			knownRegions = (
				en,
				Base,
			);
			mainGroup = 1E5F5D96217980D30019A4A8;
			productRefGroup = 1E5F5DA0217980D30019A4A8 /* Products */;
			projectDirPath = "";
			projectRoot = "";
			targets = (
				1E5F5D9E217980D30019A4A8 /* 女神 */,
			);
		};
/* End PBXProject section */

/* Begin PBXResourcesBuildPhase section */
		1E5F5D9D217980D30019A4A8 /* Resources */ = {
			isa = PBXResourcesBuildPhase;
			buildActionMask = 2147483647;
			files = (
				1E5F5DAC217980D60019A4A8 /* Assets.xcassets in Resources */,
			);
			runOnlyForDeploymentPostprocessing = 0;
		};
/* End PBXResourcesBuildPhase section */

/* Begin PBXShellScriptBuildPhase section */
		797940456249524331D5CAF8 /* [CP] Check Pods Manifest.lock */ = {
			isa = PBXShellScriptBuildPhase;
			buildActionMask = 2147483647;
			files = (
			);
			inputPaths = (
				"${PODS_PODFILE_DIR_PATH}/Podfile.lock",
				"${PODS_ROOT}/Manifest.lock",
			);
			name = "[CP] Check Pods Manifest.lock";
			outputPaths = (
				"$(DERIVED_FILE_DIR)/Pods-女神-checkManifestLockResult.txt",
			);
			runOnlyForDeploymentPostprocessing = 0;
			shellPath = /bin/sh;
			shellScript = "diff \"${PODS_PODFILE_DIR_PATH}/Podfile.lock\" \"${PODS_ROOT}/Manifest.lock\" > /dev/null\nif [ $? != 0 ] ; then\n    # print error to STDERR\n    echo \"error: The sandbox is not in sync with the Podfile.lock. Run 'pod install' or update your CocoaPods installation.\" >&2\n    exit 1\nfi\n# This output is used by Xcode 'outputs' to avoid re-running this script phase.\necho \"SUCCESS\" > \"${SCRIPT_OUTPUT_FILE_0}\"\n";
			showEnvVarsInLog = 0;
		};
		8FA8097F081B14176941C3A2 /* [CP] Copy Pods Resources */ = {
			isa = PBXShellScriptBuildPhase;
			buildActionMask = 2147483647;
			files = (
			);
			inputPaths = (
			);
			name = "[CP] Copy Pods Resources";
			outputPaths = (
			);
			runOnlyForDeploymentPostprocessing = 0;
			shellPath = /bin/sh;
			shellScript = "\"${SRCROOT}/Pods/Target Support Files/Pods-女神/Pods-女神-resources.sh\"\n";
			showEnvVarsInLog = 0;
		};
		A426BD83CBA14B79F3DA483A /* [CP] Embed Pods Frameworks */ = {
			isa = PBXShellScriptBuildPhase;
			buildActionMask = 2147483647;
			files = (
			);
			inputPaths = (
			);
			name = "[CP] Embed Pods Frameworks";
			outputPaths = (
			);
			runOnlyForDeploymentPostprocessing = 0;
			shellPath = /bin/sh;
			shellScript = "\"${SRCROOT}/Pods/Target Support Files/Pods-女神/Pods-女神-frameworks.sh\"\n";
			showEnvVarsInLog = 0;
		};
/* End PBXShellScriptBuildPhase section */

/* Begin PBXSourcesBuildPhase section */
		1E5F5D9B217980D30019A4A8 /* Sources */ = {
			isa = PBXSourcesBuildPhase;
			buildActionMask = 2147483647;
			files = (
				1E5F5DCD2179CC730019A4A8 /* ViewController.m in Sources */,
				1EA011252182F1D400975E2B /* HudUtils.m in Sources */,
				1E5F5DBE2179AF8C0019A4A8 /* WAGHomeViewController.m in Sources */,
				1E5F5DE7217D68DA0019A4A8 /* UIToolbar+Builder.m in Sources */,
				1EC888ED217ED68700651F51 /* WAGTableHeaderController.m in Sources */,
				1E5F5DB2217980D60019A4A8 /* main.m in Sources */,
				1E50BFB82182FAA9005F26E5 /* UIImage+Extension.m in Sources */,
				1E50BF9A218018A0005F26E5 /* WAGTableViewCell.m in Sources */,
				1E5F5DD42179CECF0019A4A8 /* YCMRotation.m in Sources */,
				1E50BFC021830EBD005F26E5 /* NSBundle+Extensions.m in Sources */,
				1EC888EA217ECCDD00651F51 /* WAGTableViewController.m in Sources */,
				1E5F5DC22179BDC30019A4A8 /* UIColor+Instance.m in Sources */,
				1EA8ACC221D375E80093CED3 /* WAGDesignViewController.m in Sources */,
				1ECC647E217EFB0C00867BCF /* UITableView+Adapter.m in Sources */,
				1E5F5DC62179C1E20019A4A8 /* WAGSegmentViewController.m in Sources */,
				1E5F5DE6217D68DA0019A4A8 /* NSString+MD5.m in Sources */,
				1E5F5DEA217D68DA0019A4A8 /* NSString+Common.m in Sources */,
				1E5F5DA4217980D30019A4A8 /* AppDelegate.m in Sources */,
				1E015116217EF569009EB28F /* ParallaxHeaderView.m in Sources */,
				1E50BFC421830F1B005F26E5 /* UIView+Frame.m in Sources */,
				1E5F5DE9217D68DA0019A4A8 /* NSString+Base64.m in Sources */,
				1E5F5DC92179C6850019A4A8 /* WAGBaseViewController.m in Sources */,
				1E015117217EF569009EB28F /* UIImage+ImageEffects.m in Sources */,
				1E5F5DF8217D7B4A0019A4A8 /* PXImagePickerHandler.m in Sources */,
				1E50BFC721830F7C005F26E5 /* RXRandom.m in Sources */,
				1E5F5DE5217D68DA0019A4A8 /* NSDate+Format.m in Sources */,
				1ECC647D217EFB0C00867BCF /* WAGTableViewAdapter.m in Sources */,
				1E5F5DED217D69D10019A4A8 /* YCMApplication.m in Sources */,
				1E5F5DD82179DEE40019A4A8 /* WAGShowMessageViewController.m in Sources */,
				1E5F5DE8217D68DA0019A4A8 /* NSString+PDRegex.m in Sources */,
				1E5F5DF2217D7AC30019A4A8 /* WAGPhotoViewController.m in Sources */,
				1E50BFBB21830E49005F26E5 /* UIImage+DYExtenstion.m in Sources */,
			);
			runOnlyForDeploymentPostprocessing = 0;
		};
/* End PBXSourcesBuildPhase section */

/* Begin XCBuildConfiguration section */
		1E5F5DB3217980D60019A4A8 /* Debug */ = {
			isa = XCBuildConfiguration;
			buildSettings = {
				ALWAYS_SEARCH_USER_PATHS = NO;
				CLANG_ANALYZER_NONNULL = YES;
				CLANG_ANALYZER_NUMBER_OBJECT_CONVERSION = YES_AGGRESSIVE;
				CLANG_CXX_LANGUAGE_STANDARD = "gnu++14";
				CLANG_CXX_LIBRARY = "libc++";
				CLANG_ENABLE_MODULES = YES;
				CLANG_ENABLE_OBJC_ARC = YES;
				CLANG_ENABLE_OBJC_WEAK = YES;
				CLANG_WARN_BLOCK_CAPTURE_AUTORELEASING = YES;
				CLANG_WARN_BOOL_CONVERSION = YES;
				CLANG_WARN_COMMA = YES;
				CLANG_WARN_CONSTANT_CONVERSION = YES;
				CLANG_WARN_DEPRECATED_OBJC_IMPLEMENTATIONS = YES;
				CLANG_WARN_DIRECT_OBJC_ISA_USAGE = YES_ERROR;
				CLANG_WARN_DOCUMENTATION_COMMENTS = YES;
				CLANG_WARN_EMPTY_BODY = YES;
				CLANG_WARN_ENUM_CONVERSION = YES;
				CLANG_WARN_INFINITE_RECURSION = YES;
				CLANG_WARN_INT_CONVERSION = YES;
				CLANG_WARN_NON_LITERAL_NULL_CONVERSION = YES;
				CLANG_WARN_OBJC_IMPLICIT_RETAIN_SELF = YES;
				CLANG_WARN_OBJC_LITERAL_CONVERSION = YES;
				CLANG_WARN_OBJC_ROOT_CLASS = YES_ERROR;
				CLANG_WARN_RANGE_LOOP_ANALYSIS = YES;
				CLANG_WARN_STRICT_PROTOTYPES = YES;
				CLANG_WARN_SUSPICIOUS_MOVE = YES;
				CLANG_WARN_UNGUARDED_AVAILABILITY = YES_AGGRESSIVE;
				CLANG_WARN_UNREACHABLE_CODE = YES;
				CLANG_WARN__DUPLICATE_METHOD_MATCH = YES;
				CODE_SIGN_IDENTITY = "iPhone Developer";
				COPY_PHASE_STRIP = NO;
				DEBUG_INFORMATION_FORMAT = dwarf;
				ENABLE_STRICT_OBJC_MSGSEND = YES;
				ENABLE_TESTABILITY = YES;
				GCC_C_LANGUAGE_STANDARD = gnu11;
				GCC_DYNAMIC_NO_PIC = NO;
				GCC_NO_COMMON_BLOCKS = YES;
				GCC_OPTIMIZATION_LEVEL = 0;
				GCC_PREPROCESSOR_DEFINITIONS = (
					"DEBUG=1",
					"$(inherited)",
				);
				GCC_WARN_64_TO_32_BIT_CONVERSION = YES;
				GCC_WARN_ABOUT_RETURN_TYPE = YES_ERROR;
				GCC_WARN_UNDECLARED_SELECTOR = YES;
				GCC_WARN_UNINITIALIZED_AUTOS = YES_AGGRESSIVE;
				GCC_WARN_UNUSED_FUNCTION = YES;
				GCC_WARN_UNUSED_VARIABLE = YES;
				IPHONEOS_DEPLOYMENT_TARGET = 12.0;
				MTL_ENABLE_DEBUG_INFO = INCLUDE_SOURCE;
				MTL_FAST_MATH = YES;
				ONLY_ACTIVE_ARCH = YES;
				SDKROOT = iphoneos;
			};
			name = Debug;
		};
		1E5F5DB4217980D60019A4A8 /* Release */ = {
			isa = XCBuildConfiguration;
			buildSettings = {
				ALWAYS_SEARCH_USER_PATHS = NO;
				CLANG_ANALYZER_NONNULL = YES;
				CLANG_ANALYZER_NUMBER_OBJECT_CONVERSION = YES_AGGRESSIVE;
				CLANG_CXX_LANGUAGE_STANDARD = "gnu++14";
				CLANG_CXX_LIBRARY = "libc++";
				CLANG_ENABLE_MODULES = YES;
				CLANG_ENABLE_OBJC_ARC = YES;
				CLANG_ENABLE_OBJC_WEAK = YES;
				CLANG_WARN_BLOCK_CAPTURE_AUTORELEASING = YES;
				CLANG_WARN_BOOL_CONVERSION = YES;
				CLANG_WARN_COMMA = YES;
				CLANG_WARN_CONSTANT_CONVERSION = YES;
				CLANG_WARN_DEPRECATED_OBJC_IMPLEMENTATIONS = YES;
				CLANG_WARN_DIRECT_OBJC_ISA_USAGE = YES_ERROR;
				CLANG_WARN_DOCUMENTATION_COMMENTS = YES;
				CLANG_WARN_EMPTY_BODY = YES;
				CLANG_WARN_ENUM_CONVERSION = YES;
				CLANG_WARN_INFINITE_RECURSION = YES;
				CLANG_WARN_INT_CONVERSION = YES;
				CLANG_WARN_NON_LITERAL_NULL_CONVERSION = YES;
				CLANG_WARN_OBJC_IMPLICIT_RETAIN_SELF = YES;
				CLANG_WARN_OBJC_LITERAL_CONVERSION = YES;
				CLANG_WARN_OBJC_ROOT_CLASS = YES_ERROR;
				CLANG_WARN_RANGE_LOOP_ANALYSIS = YES;
				CLANG_WARN_STRICT_PROTOTYPES = YES;
				CLANG_WARN_SUSPICIOUS_MOVE = YES;
				CLANG_WARN_UNGUARDED_AVAILABILITY = YES_AGGRESSIVE;
				CLANG_WARN_UNREACHABLE_CODE = YES;
				CLANG_WARN__DUPLICATE_METHOD_MATCH = YES;
				CODE_SIGN_IDENTITY = "iPhone Developer";
				COPY_PHASE_STRIP = NO;
				DEBUG_INFORMATION_FORMAT = "dwarf-with-dsym";
				ENABLE_NS_ASSERTIONS = NO;
				ENABLE_STRICT_OBJC_MSGSEND = YES;
				GCC_C_LANGUAGE_STANDARD = gnu11;
				GCC_NO_COMMON_BLOCKS = YES;
				GCC_WARN_64_TO_32_BIT_CONVERSION = YES;
				GCC_WARN_ABOUT_RETURN_TYPE = YES_ERROR;
				GCC_WARN_UNDECLARED_SELECTOR = YES;
				GCC_WARN_UNINITIALIZED_AUTOS = YES_AGGRESSIVE;
				GCC_WARN_UNUSED_FUNCTION = YES;
				GCC_WARN_UNUSED_VARIABLE = YES;
				IPHONEOS_DEPLOYMENT_TARGET = 12.0;
				MTL_ENABLE_DEBUG_INFO = NO;
				MTL_FAST_MATH = YES;
				SDKROOT = iphoneos;
				VALIDATE_PRODUCT = YES;
			};
			name = Release;
		};
		1E5F5DB6217980D60019A4A8 /* Debug */ = {
			isa = XCBuildConfiguration;
			baseConfigurationReference = 86FB87B96A2AD3008D837884 /* Pods-女神.debug.xcconfig */;
			buildSettings = {
				ASSETCATALOG_COMPILER_APPICON_NAME = AppIcon;
				CODE_SIGN_STYLE = Automatic;
				DEVELOPMENT_TEAM = 9ZV4BAZA76;
				GCC_PREFIX_HEADER = "女神/Header.h";
				INFOPLIST_FILE = "女神/Info.plist";
				IPHONEOS_DEPLOYMENT_TARGET = 9.0;
				LD_RUNPATH_SEARCH_PATHS = (
					"$(inherited)",
					"@executable_path/Frameworks",
				);
				LIBRARY_SEARCH_PATHS = "$(inherited)";
				PRODUCT_BUNDLE_IDENTIFIER = "wangaiguo.2018.10.19.--";
				PRODUCT_NAME = "$(TARGET_NAME)";
				TARGETED_DEVICE_FAMILY = "1,2";
			};
			name = Debug;
		};
		1E5F5DB7217980D60019A4A8 /* Release */ = {
			isa = XCBuildConfiguration;
			baseConfigurationReference = 1E9FD18FEFF6A611E7F660FF /* Pods-女神.release.xcconfig */;
			buildSettings = {
				ASSETCATALOG_COMPILER_APPICON_NAME = AppIcon;
				CODE_SIGN_STYLE = Automatic;
				DEVELOPMENT_TEAM = 9ZV4BAZA76;
				GCC_PREFIX_HEADER = "女神/Header.h";
				INFOPLIST_FILE = "女神/Info.plist";
				IPHONEOS_DEPLOYMENT_TARGET = 9.0;
				LD_RUNPATH_SEARCH_PATHS = (
					"$(inherited)",
					"@executable_path/Frameworks",
				);
				PRODUCT_BUNDLE_IDENTIFIER = "wangaiguo.2018.10.19.--";
				PRODUCT_NAME = "$(TARGET_NAME)";
				TARGETED_DEVICE_FAMILY = "1,2";
			};
			name = Release;
		};
/* End XCBuildConfiguration section */

/* Begin XCConfigurationList section */
		1E5F5D9A217980D30019A4A8 /* Build configuration list for PBXProject "女神" */ = {
			isa = XCConfigurationList;
			buildConfigurations = (
				1E5F5DB3217980D60019A4A8 /* Debug */,
				1E5F5DB4217980D60019A4A8 /* Release */,
			);
			defaultConfigurationIsVisible = 0;
			defaultConfigurationName = Release;
		};
		1E5F5DB5217980D60019A4A8 /* Build configuration list for PBXNativeTarget "女神" */ = {
			isa = XCConfigurationList;
			buildConfigurations = (
				1E5F5DB6217980D60019A4A8 /* Debug */,
				1E5F5DB7217980D60019A4A8 /* Release */,
			);
			defaultConfigurationIsVisible = 0;
			defaultConfigurationName = Release;
		};
/* End XCConfigurationList section */
	};
	rootObject = 1E5F5D97217980D30019A4A8 /* Project object */;
}
